
Microsoft Visual Studio Solution File, Format Version 12.00
# Visual Studio Version 16
VisualStudioVersion = 16.0.31624.102
MinimumVisualStudioVersion = 10.0.40219.1
Project("{FAE04EC0-301F-11D3-BF4B-00C04F79EFBC}") = "Ropeys_DVDs", "Ropeys_DVDs.csproj", "{E2DB0ACB-161D-4514-8DC4-6880C3E319F5}"
EndProject
Global
	GlobalSection(SolutionConfigurationPlatforms) = preSolution
		Debug|Any CPU = Debug|Any CPU
		Release|Any CPU = Release|Any CPU
	EndGlobalSection
	GlobalSection(ProjectConfigurationPlatforms) = postSolution
		{E2DB0ACB-161D-4514-8DC4-6880C3E319F5}.Debug|Any CPU.ActiveCfg = Debug|Any CPU
		{E2DB0ACB-161D-4514-8DC4-6880C3E319F5}.Debug|Any CPU.Build.0 = Debug|Any CPU
		{E2DB0ACB-161D-4514-8DC4-6880C3E319F5}.Release|Any CPU.ActiveCfg = Release|Any CPU
		{E2DB0ACB-161D-4514-8DC4-6880C3E319F5}.Release|Any CPU.Build.0 = Release|Any CPU
	EndGlobalSection
	GlobalSection(SolutionProperties) = preSolution
		HideSolutionNode = FALSE
	EndGlobalSection
	GlobalSection(ExtensibilityGlobals) = postSolution
		SolutionGuid = {EAD39556-1C3F-4784-8DEC-1DB3A2FDD408}
	EndGlobalSection
EndGlobal
